
Microsoft Visual Studio Solution File, Format Version 12.00
# Visual Studio 2012
Project("{FAE04EC0-301F-11D3-BF4B-00C04F79EFBC}") = "WebApiBook.Security", "WebApiBook.Security\WebApiBook.Security.csproj", "{723C2E5D-A509-438C-949F-D86EC5B2FC53}"
EndProject
Project("{2150E333-8FDC-42A3-9474-1A3956D46DE8}") = ".nuget", ".nuget", "{68C9D0DB-5CA2-4ACC-B831-C458889D7F7F}"
	ProjectSection(SolutionItems) = preProject
		.nuget\NuGet.Config = .nuget\NuGet.Config
		.nuget\NuGet.exe = .nuget\NuGet.exe
		.nuget\NuGet.targets = .nuget\NuGet.targets
	EndProjectSection
EndProject
Project("{FAE04EC0-301F-11D3-BF4B-00C04F79EFBC}") = "WebApiBook.Security.Tests", "WebApiBook.Security.Tests\WebApiBook.Security.Tests.csproj", "{D60DA616-8FA8-4BA8-96B2-D4A28185AAD3}"
EndProject
Project("{FAE04EC0-301F-11D3-BF4B-00C04F79EFBC}") = "WebApiBook.Security.Facts", "WebApiBook.Security.Facts\WebApiBook.Security.Facts.csproj", "{C120C82C-0783-447A-8521-C211A8A22B21}"
EndProject
Project("{FAE04EC0-301F-11D3-BF4B-00C04F79EFBC}") = "WebApiBook.Security.Diagrams", "WebApiBook.Security.Diagrams\WebApiBook.Security.Diagrams.csproj", "{C4EBE4D0-9FF2-4444-958B-60595B429033}"
EndProject
Project("{2150E333-8FDC-42A3-9474-1A3956D46DE8}") = "Samples", "Samples", "{CAD74362-8514-4D10-9AB3-42D0A5EF8A0F}"
EndProject
Project("{FAE04EC0-301F-11D3-BF4B-00C04F79EFBC}") = "WebApiBook.Security.ResourceServer1", "WebApiBook.Security.ResourceServer1\WebApiBook.Security.ResourceServer1.csproj", "{C435AE55-3809-404C-A5C2-7967B380ED30}"
EndProject
Project("{FAE04EC0-301F-11D3-BF4B-00C04F79EFBC}") = "WebApiBook.Security.Sample.Oidc.BasicProfile", "WebApiBook.Security.Sample.Oidc.BasicProfile\WebApiBook.Security.Sample.Oidc.BasicProfile.csproj", "{739E2002-CEEA-4A7E-BC2B-46B04F0811E6}"
EndProject
Global
	GlobalSection(SolutionConfigurationPlatforms) = preSolution
		Debug|Any CPU = Debug|Any CPU
		Release|Any CPU = Release|Any CPU
	EndGlobalSection
	GlobalSection(ProjectConfigurationPlatforms) = postSolution
		{723C2E5D-A509-438C-949F-D86EC5B2FC53}.Debug|Any CPU.ActiveCfg = Debug|Any CPU
		{723C2E5D-A509-438C-949F-D86EC5B2FC53}.Debug|Any CPU.Build.0 = Debug|Any CPU
		{723C2E5D-A509-438C-949F-D86EC5B2FC53}.Release|Any CPU.ActiveCfg = Release|Any CPU
		{723C2E5D-A509-438C-949F-D86EC5B2FC53}.Release|Any CPU.Build.0 = Release|Any CPU
		{D60DA616-8FA8-4BA8-96B2-D4A28185AAD3}.Debug|Any CPU.ActiveCfg = Debug|Any CPU
		{D60DA616-8FA8-4BA8-96B2-D4A28185AAD3}.Debug|Any CPU.Build.0 = Debug|Any CPU
		{D60DA616-8FA8-4BA8-96B2-D4A28185AAD3}.Release|Any CPU.ActiveCfg = Release|Any CPU
		{D60DA616-8FA8-4BA8-96B2-D4A28185AAD3}.Release|Any CPU.Build.0 = Release|Any CPU
		{C120C82C-0783-447A-8521-C211A8A22B21}.Debug|Any CPU.ActiveCfg = Debug|Any CPU
		{C120C82C-0783-447A-8521-C211A8A22B21}.Debug|Any CPU.Build.0 = Debug|Any CPU
		{C120C82C-0783-447A-8521-C211A8A22B21}.Release|Any CPU.ActiveCfg = Release|Any CPU
		{C120C82C-0783-447A-8521-C211A8A22B21}.Release|Any CPU.Build.0 = Release|Any CPU
		{C4EBE4D0-9FF2-4444-958B-60595B429033}.Debug|Any CPU.ActiveCfg = Debug|Any CPU
		{C4EBE4D0-9FF2-4444-958B-60595B429033}.Debug|Any CPU.Build.0 = Debug|Any CPU
		{C4EBE4D0-9FF2-4444-958B-60595B429033}.Release|Any CPU.ActiveCfg = Release|Any CPU
		{C4EBE4D0-9FF2-4444-958B-60595B429033}.Release|Any CPU.Build.0 = Release|Any CPU
		{C435AE55-3809-404C-A5C2-7967B380ED30}.Debug|Any CPU.ActiveCfg = Debug|Any CPU
		{C435AE55-3809-404C-A5C2-7967B380ED30}.Debug|Any CPU.Build.0 = Debug|Any CPU
		{C435AE55-3809-404C-A5C2-7967B380ED30}.Release|Any CPU.ActiveCfg = Release|Any CPU
		{C435AE55-3809-404C-A5C2-7967B380ED30}.Release|Any CPU.Build.0 = Release|Any CPU
		{739E2002-CEEA-4A7E-BC2B-46B04F0811E6}.Debug|Any CPU.ActiveCfg = Debug|Any CPU
		{739E2002-CEEA-4A7E-BC2B-46B04F0811E6}.Debug|Any CPU.Build.0 = Debug|Any CPU
		{739E2002-CEEA-4A7E-BC2B-46B04F0811E6}.Release|Any CPU.ActiveCfg = Release|Any CPU
		{739E2002-CEEA-4A7E-BC2B-46B04F0811E6}.Release|Any CPU.Build.0 = Release|Any CPU
	EndGlobalSection
	GlobalSection(SolutionProperties) = preSolution
		HideSolutionNode = FALSE
	EndGlobalSection
	GlobalSection(NestedProjects) = preSolution
		{C435AE55-3809-404C-A5C2-7967B380ED30} = {CAD74362-8514-4D10-9AB3-42D0A5EF8A0F}
		{739E2002-CEEA-4A7E-BC2B-46B04F0811E6} = {CAD74362-8514-4D10-9AB3-42D0A5EF8A0F}
	EndGlobalSection
EndGlobal
